
Microsoft Visual Studio Solution File, Format Version 12.00
# Visual Studio 14
VisualStudioVersion = 14.0.23107.0
MinimumVisualStudioVersion = 10.0.40219.1
Project("{FAE04EC0-301F-11D3-BF4B-00C04F79EFBC}") = "PG.API", "PG.API\PG.API.csproj", "{8C1EE499-7E07-4EA4-8112-62097F479C03}"
EndProject
Project("{FAE04EC0-301F-11D3-BF4B-00C04F79EFBC}") = "PG.Infra", "PG.Infra\PG.Infra.csproj", "{05E3E2FE-3FDF-4585-AA65-CA8E9094DBC5}"
EndProject
Project("{FAE04EC0-301F-11D3-BF4B-00C04F79EFBC}") = "PG.Domain", "PG.Domain\PG.Domain.csproj", "{01C5D3A0-8EAC-48B6-BC79-C58B4AD2DB54}"
EndProject
Global
	GlobalSection(SolutionConfigurationPlatforms) = preSolution
		Debug|Any CPU = Debug|Any CPU
		Release|Any CPU = Release|Any CPU
	EndGlobalSection
	GlobalSection(ProjectConfigurationPlatforms) = postSolution
		{8C1EE499-7E07-4EA4-8112-62097F479C03}.Debug|Any CPU.ActiveCfg = Debug|Any CPU
		{8C1EE499-7E07-4EA4-8112-62097F479C03}.Debug|Any CPU.Build.0 = Debug|Any CPU
		{8C1EE499-7E07-4EA4-8112-62097F479C03}.Release|Any CPU.ActiveCfg = Release|Any CPU
		{8C1EE499-7E07-4EA4-8112-62097F479C03}.Release|Any CPU.Build.0 = Release|Any CPU
		{05E3E2FE-3FDF-4585-AA65-CA8E9094DBC5}.Debug|Any CPU.ActiveCfg = Debug|Any CPU
		{05E3E2FE-3FDF-4585-AA65-CA8E9094DBC5}.Debug|Any CPU.Build.0 = Debug|Any CPU
		{05E3E2FE-3FDF-4585-AA65-CA8E9094DBC5}.Release|Any CPU.ActiveCfg = Release|Any CPU
		{05E3E2FE-3FDF-4585-AA65-CA8E9094DBC5}.Release|Any CPU.Build.0 = Release|Any CPU
		{01C5D3A0-8EAC-48B6-BC79-C58B4AD2DB54}.Debug|Any CPU.ActiveCfg = Debug|Any CPU
		{01C5D3A0-8EAC-48B6-BC79-C58B4AD2DB54}.Debug|Any CPU.Build.0 = Debug|Any CPU
		{01C5D3A0-8EAC-48B6-BC79-C58B4AD2DB54}.Release|Any CPU.ActiveCfg = Release|Any CPU
		{01C5D3A0-8EAC-48B6-BC79-C58B4AD2DB54}.Release|Any CPU.Build.0 = Release|Any CPU
	EndGlobalSection
	GlobalSection(SolutionProperties) = preSolution
		HideSolutionNode = FALSE
	EndGlobalSection
EndGlobal
