
Microsoft Visual Studio Solution File, Format Version 12.00
# Visual Studio 14
VisualStudioVersion = 14.0.23107.0
MinimumVisualStudioVersion = 10.0.40219.1
Project("{FAE04EC0-301F-11D3-BF4B-00C04F79EFBC}") = "UP.RepositorioEF", "UP.RepositorioEF\UP.RepositorioEF.csproj", "{C85481C3-5DE1-4C83-BBA7-7E96388FA912}"
EndProject
Project("{FAE04EC0-301F-11D3-BF4B-00C04F79EFBC}") = "UP.Dominio", "UP.Dominio\UP.Dominio.csproj", "{1264F1C8-612D-4AC5-956A-A0D9C42F979A}"
EndProject
Project("{FAE04EC0-301F-11D3-BF4B-00C04F79EFBC}") = "UP.Aplicacao", "UP.Aplicacao\UP.Aplicacao.csproj", "{BFC9FF39-72E1-46CE-8400-D7E07D702EE7}"
EndProject
Global
	GlobalSection(SolutionConfigurationPlatforms) = preSolution
		Debug|Any CPU = Debug|Any CPU
		Release|Any CPU = Release|Any CPU
	EndGlobalSection
	GlobalSection(ProjectConfigurationPlatforms) = postSolution
		{C85481C3-5DE1-4C83-BBA7-7E96388FA912}.Debug|Any CPU.ActiveCfg = Debug|Any CPU
		{C85481C3-5DE1-4C83-BBA7-7E96388FA912}.Debug|Any CPU.Build.0 = Debug|Any CPU
		{C85481C3-5DE1-4C83-BBA7-7E96388FA912}.Release|Any CPU.ActiveCfg = Release|Any CPU
		{C85481C3-5DE1-4C83-BBA7-7E96388FA912}.Release|Any CPU.Build.0 = Release|Any CPU
		{1264F1C8-612D-4AC5-956A-A0D9C42F979A}.Debug|Any CPU.ActiveCfg = Debug|Any CPU
		{1264F1C8-612D-4AC5-956A-A0D9C42F979A}.Debug|Any CPU.Build.0 = Debug|Any CPU
		{1264F1C8-612D-4AC5-956A-A0D9C42F979A}.Release|Any CPU.ActiveCfg = Release|Any CPU
		{1264F1C8-612D-4AC5-956A-A0D9C42F979A}.Release|Any CPU.Build.0 = Release|Any CPU
		{BFC9FF39-72E1-46CE-8400-D7E07D702EE7}.Debug|Any CPU.ActiveCfg = Debug|Any CPU
		{BFC9FF39-72E1-46CE-8400-D7E07D702EE7}.Debug|Any CPU.Build.0 = Debug|Any CPU
		{BFC9FF39-72E1-46CE-8400-D7E07D702EE7}.Release|Any CPU.ActiveCfg = Release|Any CPU
		{BFC9FF39-72E1-46CE-8400-D7E07D702EE7}.Release|Any CPU.Build.0 = Release|Any CPU
	EndGlobalSection
	GlobalSection(SolutionProperties) = preSolution
		HideSolutionNode = FALSE
	EndGlobalSection
EndGlobal
