
Microsoft Visual Studio Solution File, Format Version 12.00
# Visual Studio 14
VisualStudioVersion = 14.0.23107.0
MinimumVisualStudioVersion = 10.0.40219.1
Project("{FAE04EC0-301F-11D3-BF4B-00C04F79EFBC}") = "MCV.Api", "MCV.Api\MCV.Api.csproj", "{231D5932-E4AD-4B47-AE9A-0068D05DA829}"
EndProject
Project("{FAE04EC0-301F-11D3-BF4B-00C04F79EFBC}") = "MCV.Infra", "MVC.Infra\MCV.Infra.csproj", "{3C88E3DF-3054-4170-8B57-1049D06F6E55}"
EndProject
Project("{FAE04EC0-301F-11D3-BF4B-00C04F79EFBC}") = "MCV.Domain", "MCV.Domain\MCV.Domain.csproj", "{A966F231-F228-4B97-B50D-E578E9ECFF2B}"
EndProject
Global
	GlobalSection(SolutionConfigurationPlatforms) = preSolution
		Debug|Any CPU = Debug|Any CPU
		Release|Any CPU = Release|Any CPU
	EndGlobalSection
	GlobalSection(ProjectConfigurationPlatforms) = postSolution
		{231D5932-E4AD-4B47-AE9A-0068D05DA829}.Debug|Any CPU.ActiveCfg = Debug|Any CPU
		{231D5932-E4AD-4B47-AE9A-0068D05DA829}.Debug|Any CPU.Build.0 = Debug|Any CPU
		{231D5932-E4AD-4B47-AE9A-0068D05DA829}.Release|Any CPU.ActiveCfg = Release|Any CPU
		{231D5932-E4AD-4B47-AE9A-0068D05DA829}.Release|Any CPU.Build.0 = Release|Any CPU
		{3C88E3DF-3054-4170-8B57-1049D06F6E55}.Debug|Any CPU.ActiveCfg = Debug|Any CPU
		{3C88E3DF-3054-4170-8B57-1049D06F6E55}.Debug|Any CPU.Build.0 = Debug|Any CPU
		{3C88E3DF-3054-4170-8B57-1049D06F6E55}.Release|Any CPU.ActiveCfg = Release|Any CPU
		{3C88E3DF-3054-4170-8B57-1049D06F6E55}.Release|Any CPU.Build.0 = Release|Any CPU
		{A966F231-F228-4B97-B50D-E578E9ECFF2B}.Debug|Any CPU.ActiveCfg = Debug|Any CPU
		{A966F231-F228-4B97-B50D-E578E9ECFF2B}.Debug|Any CPU.Build.0 = Debug|Any CPU
		{A966F231-F228-4B97-B50D-E578E9ECFF2B}.Release|Any CPU.ActiveCfg = Release|Any CPU
		{A966F231-F228-4B97-B50D-E578E9ECFF2B}.Release|Any CPU.Build.0 = Release|Any CPU
	EndGlobalSection
	GlobalSection(SolutionProperties) = preSolution
		HideSolutionNode = FALSE
	EndGlobalSection
EndGlobal
